
Microsoft Visual Studio Solution File, Format Version 12.00
# Visual Studio Version 17
VisualStudioVersion = 17.14.36511.14 d17.14
MinimumVisualStudioVersion = 10.0.40219.1
Project("{FAE04EC0-301F-11D3-BF4B-00C04F79EFBC}") = "FBD_APF", "FBD_APF\FBD_APF.csproj", "{075B9903-E1BD-4378-B219-9E94B90BB018}"
EndProject
Global
	GlobalSection(SolutionConfigurationPlatforms) = preSolution
		Debug|Any CPU = Debug|Any CPU
		Release|Any CPU = Release|Any CPU
	EndGlobalSection
	GlobalSection(ProjectConfigurationPlatforms) = postSolution
		{075B9903-E1BD-4378-B219-9E94B90BB018}.Debug|Any CPU.ActiveCfg = Debug|Any CPU
		{075B9903-E1BD-4378-B219-9E94B90BB018}.Debug|Any CPU.Build.0 = Debug|Any CPU
		{075B9903-E1BD-4378-B219-9E94B90BB018}.Release|Any CPU.ActiveCfg = Release|Any CPU
		{075B9903-E1BD-4378-B219-9E94B90BB018}.Release|Any CPU.Build.0 = Release|Any CPU
	EndGlobalSection
	GlobalSection(SolutionProperties) = preSolution
		HideSolutionNode = FALSE
	EndGlobalSection
	GlobalSection(ExtensibilityGlobals) = postSolution
		SolutionGuid = {21D1E94D-A761-40BA-8A2F-8D41A4C79B85}
	EndGlobalSection
EndGlobal
